
Microsoft Visual Studio Solution File, Format Version 12.00
# Visual Studio Version 17
VisualStudioVersion = 17.0.31919.166
MinimumVisualStudioVersion = 10.0.40219.1
Project("{8BC9CEB8-8B4A-11D0-8D11-00A0C91BC942}") = "ntnt", "ntnt\ntnt.vcxproj", "{D3948FB8-102A-4DA3-8B2B-220E64047D44}"
EndProject
Global
	GlobalSection(SolutionConfigurationPlatforms) = preSolution
		Debug|x64 = Debug|x64
		Debug|x86 = Debug|x86
		Release|x64 = Release|x64
		Release|x86 = Release|x86
	EndGlobalSection
	GlobalSection(ProjectConfigurationPlatforms) = postSolution
		{D3948FB8-102A-4DA3-8B2B-220E64047D44}.Debug|x64.ActiveCfg = Debug|x64
		{D3948FB8-102A-4DA3-8B2B-220E64047D44}.Debug|x64.Build.0 = Debug|x64
		{D3948FB8-102A-4DA3-8B2B-220E64047D44}.Debug|x86.ActiveCfg = Debug|Win32
		{D3948FB8-102A-4DA3-8B2B-220E64047D44}.Debug|x86.Build.0 = Debug|Win32
		{D3948FB8-102A-4DA3-8B2B-220E64047D44}.Release|x64.ActiveCfg = Release|x64
		{D3948FB8-102A-4DA3-8B2B-220E64047D44}.Release|x64.Build.0 = Release|x64
		{D3948FB8-102A-4DA3-8B2B-220E64047D44}.Release|x86.ActiveCfg = Release|Win32
		{D3948FB8-102A-4DA3-8B2B-220E64047D44}.Release|x86.Build.0 = Release|Win32
	EndGlobalSection
	GlobalSection(SolutionProperties) = preSolution
		HideSolutionNode = FALSE
	EndGlobalSection
	GlobalSection(ExtensibilityGlobals) = postSolution
		SolutionGuid = {2F001D1F-2305-4EE1-8EBB-D8B724BE164D}
	EndGlobalSection
EndGlobal
